
Microsoft Visual Studio Solution File, Format Version 12.00
# Visual Studio 15
VisualStudioVersion = 15.0.27428.2043
MinimumVisualStudioVersion = 10.0.40219.1
Project("{FAE04EC0-301F-11D3-BF4B-00C04F79EFBC}") = "De.Markellus.HybridInjector", "De.Markellus.HybridInjector.csproj", "{73E8FB64-5514-4EDD-BD23-2B09A621A851}"
EndProject
Global
	GlobalSection(SolutionConfigurationPlatforms) = preSolution
		Debug|x86 = Debug|x86
		Release|x86 = Release|x86
	EndGlobalSection
	GlobalSection(ProjectConfigurationPlatforms) = postSolution
		{73E8FB64-5514-4EDD-BD23-2B09A621A851}.Debug|x86.ActiveCfg = Debug|x86
		{73E8FB64-5514-4EDD-BD23-2B09A621A851}.Debug|x86.Build.0 = Debug|x86
		{73E8FB64-5514-4EDD-BD23-2B09A621A851}.Release|x86.ActiveCfg = Release|x86
		{73E8FB64-5514-4EDD-BD23-2B09A621A851}.Release|x86.Build.0 = Release|x86
	EndGlobalSection
	GlobalSection(SolutionProperties) = preSolution
		HideSolutionNode = FALSE
	EndGlobalSection
	GlobalSection(ExtensibilityGlobals) = postSolution
		SolutionGuid = {CCD6BC55-7E98-40BE-9B5F-960F69663BBF}
	EndGlobalSection
EndGlobal
